
Microsoft Visual Studio Solution File, Format Version 12.00
# Visual Studio 15
VisualStudioVersion = 15.0.28307.1062
MinimumVisualStudioVersion = 10.0.40219.1
Project("{FAE04EC0-301F-11D3-BF4B-00C04F79EFBC}") = "GameClub", "GameClub\GameClub.csproj", "{7B4BE569-C4B0-4B63-8E06-5D811931474F}"
EndProject
Global
	GlobalSection(SolutionConfigurationPlatforms) = preSolution
		Debug|Any CPU = Debug|Any CPU
		Release|Any CPU = Release|Any CPU
	EndGlobalSection
	GlobalSection(ProjectConfigurationPlatforms) = postSolution
		{7B4BE569-C4B0-4B63-8E06-5D811931474F}.Debug|Any CPU.ActiveCfg = Debug|Any CPU
		{7B4BE569-C4B0-4B63-8E06-5D811931474F}.Debug|Any CPU.Build.0 = Debug|Any CPU
		{7B4BE569-C4B0-4B63-8E06-5D811931474F}.Release|Any CPU.ActiveCfg = Release|Any CPU
		{7B4BE569-C4B0-4B63-8E06-5D811931474F}.Release|Any CPU.Build.0 = Release|Any CPU
	EndGlobalSection
	GlobalSection(SolutionProperties) = preSolution
		HideSolutionNode = FALSE
	EndGlobalSection
	GlobalSection(ExtensibilityGlobals) = postSolution
		SolutionGuid = {8CD6B40F-2A5E-4AA1-8BEC-520220F0F141}
	EndGlobalSection
EndGlobal
